
Microsoft Visual Studio Solution File, Format Version 10.00
# Visual Studio 2008
Project("{F184B08F-C81C-45F6-A57F-5ABD9991F28F}") = "ComplejoSyR", "ComplejoSyR\ComplejoSyR.vbproj", "{F78FA806-776A-487F-8CB5-794A35E24AB7}"
EndProject
Project("{54435603-DBB4-11D2-8724-00A0C9A8B90C}") = "Instalador", "Instalador\Instalador.vdproj", "{06CE4FF7-1C98-427B-B2DF-8F68DE210068}"
EndProject
Global
	GlobalSection(SolutionConfigurationPlatforms) = preSolution
		Debug|Any CPU = Debug|Any CPU
		Release|Any CPU = Release|Any CPU
	EndGlobalSection
	GlobalSection(ProjectConfigurationPlatforms) = postSolution
		{F78FA806-776A-487F-8CB5-794A35E24AB7}.Debug|Any CPU.ActiveCfg = Debug|Any CPU
		{F78FA806-776A-487F-8CB5-794A35E24AB7}.Debug|Any CPU.Build.0 = Debug|Any CPU
		{F78FA806-776A-487F-8CB5-794A35E24AB7}.Release|Any CPU.ActiveCfg = Release|Any CPU
		{F78FA806-776A-487F-8CB5-794A35E24AB7}.Release|Any CPU.Build.0 = Release|Any CPU
		{06CE4FF7-1C98-427B-B2DF-8F68DE210068}.Debug|Any CPU.ActiveCfg = Debug
		{06CE4FF7-1C98-427B-B2DF-8F68DE210068}.Release|Any CPU.ActiveCfg = Release
	EndGlobalSection
	GlobalSection(SolutionProperties) = preSolution
		HideSolutionNode = FALSE
	EndGlobalSection
EndGlobal
